// !$*UTF8*$!
{
	archiveVersion = 1;
	classes = {
	};
	objectVersion = 56;
	objects = {

/* Begin PBXBuildFile section */
		30500A35B1267BDC5DB1E248 /* Pods_RxSwiftStudy.framework in Frameworks */ = {isa = PBXBuildFile; fileRef = 31CA90BC627809032FD9F2A2 /* Pods_RxSwiftStudy.framework */; };
		F489FBA429B9800A007F8CFA /* AppDelegate.swift in Sources */ = {isa = PBXBuildFile; fileRef = F489FBA329B9800A007F8CFA /* AppDelegate.swift */; };
		F489FBA629B9800A007F8CFA /* SceneDelegate.swift in Sources */ = {isa = PBXBuildFile; fileRef = F489FBA529B9800A007F8CFA /* SceneDelegate.swift */; };
		F489FBA829B9800A007F8CFA /* ViewController.swift in Sources */ = {isa = PBXBuildFile; fileRef = F489FBA729B9800A007F8CFA /* ViewController.swift */; };
		F489FBAB29B9800A007F8CFA /* Main.storyboard in Resources */ = {isa = PBXBuildFile; fileRef = F489FBA929B9800A007F8CFA /* Main.storyboard */; };
		F489FBAD29B9800C007F8CFA /* Assets.xcassets in Resources */ = {isa = PBXBuildFile; fileRef = F489FBAC29B9800C007F8CFA /* Assets.xcassets */; };
		F489FBB029B9800C007F8CFA /* LaunchScreen.storyboard in Resources */ = {isa = PBXBuildFile; fileRef = F489FBAE29B9800C007F8CFA /* LaunchScreen.storyboard */; };
		F489FBB829B9D89A007F8CFA /* ViewModel.swift in Sources */ = {isa = PBXBuildFile; fileRef = F489FBB729B9D89A007F8CFA /* ViewModel.swift */; };
		F489FBBA29B9DAE5007F8CFA /* Model.swift in Sources */ = {isa = PBXBuildFile; fileRef = F489FBB929B9DAE5007F8CFA /* Model.swift */; };
		F489FBBC29B9DBC0007F8CFA /* NetworkService.swift in Sources */ = {isa = PBXBuildFile; fileRef = F489FBBB29B9DBC0007F8CFA /* NetworkService.swift */; };
		F489FBBE29B9FC17007F8CFA /* Sample.swift in Sources */ = {isa = PBXBuildFile; fileRef = F489FBBD29B9FC17007F8CFA /* Sample.swift */; };
/* End PBXBuildFile section */

/* Begin PBXFileReference section */
		31CA90BC627809032FD9F2A2 /* Pods_RxSwiftStudy.framework */ = {isa = PBXFileReference; explicitFileType = wrapper.framework; includeInIndex = 0; path = Pods_RxSwiftStudy.framework; sourceTree = BUILT_PRODUCTS_DIR; };
		852515FFA1207C430DECF351 /* Pods-RxSwiftStudy.release.xcconfig */ = {isa = PBXFileReference; includeInIndex = 1; lastKnownFileType = text.xcconfig; name = "Pods-RxSwiftStudy.release.xcconfig"; path = "Target Support Files/Pods-RxSwiftStudy/Pods-RxSwiftStudy.release.xcconfig"; sourceTree = "<group>"; };
		984B8814C137C5F8BE20F3EA /* Pods-RxSwiftStudy.debug.xcconfig */ = {isa = PBXFileReference; includeInIndex = 1; lastKnownFileType = text.xcconfig; name = "Pods-RxSwiftStudy.debug.xcconfig"; path = "Target Support Files/Pods-RxSwiftStudy/Pods-RxSwiftStudy.debug.xcconfig"; sourceTree = "<group>"; };
		F489FBA029B9800A007F8CFA /* RxSwiftStudy.app */ = {isa = PBXFileReference; explicitFileType = wrapper.application; includeInIndex = 0; path = RxSwiftStudy.app; sourceTree = BUILT_PRODUCTS_DIR; };
		F489FBA329B9800A007F8CFA /* AppDelegate.swift */ = {isa = PBXFileReference; lastKnownFileType = sourcecode.swift; path = AppDelegate.swift; sourceTree = "<group>"; };
		F489FBA529B9800A007F8CFA /* SceneDelegate.swift */ = {isa = PBXFileReference; lastKnownFileType = sourcecode.swift; path = SceneDelegate.swift; sourceTree = "<group>"; };
		F489FBA729B9800A007F8CFA /* ViewController.swift */ = {isa = PBXFileReference; lastKnownFileType = sourcecode.swift; path = ViewController.swift; sourceTree = "<group>"; };
		F489FBAA29B9800A007F8CFA /* Base */ = {isa = PBXFileReference; lastKnownFileType = file.storyboard; name = Base; path = Base.lproj/Main.storyboard; sourceTree = "<group>"; };
		F489FBAC29B9800C007F8CFA /* Assets.xcassets */ = {isa = PBXFileReference; lastKnownFileType = folder.assetcatalog; path = Assets.xcassets; sourceTree = "<group>"; };
		F489FBAF29B9800C007F8CFA /* Base */ = {isa = PBXFileReference; lastKnownFileType = file.storyboard; name = Base; path = Base.lproj/LaunchScreen.storyboard; sourceTree = "<group>"; };
		F489FBB129B9800C007F8CFA /* Info.plist */ = {isa = PBXFileReference; lastKnownFileType = text.plist.xml; path = Info.plist; sourceTree = "<group>"; };
		F489FBB729B9D89A007F8CFA /* ViewModel.swift */ = {isa = PBXFileReference; lastKnownFileType = sourcecode.swift; path = ViewModel.swift; sourceTree = "<group>"; };
		F489FBB929B9DAE5007F8CFA /* Model.swift */ = {isa = PBXFileReference; lastKnownFileType = sourcecode.swift; path = Model.swift; sourceTree = "<group>"; };
		F489FBBB29B9DBC0007F8CFA /* NetworkService.swift */ = {isa = PBXFileReference; lastKnownFileType = sourcecode.swift; path = NetworkService.swift; sourceTree = "<group>"; };
		F489FBBD29B9FC17007F8CFA /* Sample.swift */ = {isa = PBXFileReference; lastKnownFileType = sourcecode.swift; path = Sample.swift; sourceTree = "<group>"; };
/* End PBXFileReference section */

/* Begin PBXFrameworksBuildPhase section */
		F489FB9D29B9800A007F8CFA /* Frameworks */ = {
			isa = PBXFrameworksBuildPhase;
			buildActionMask = 2147483647;
			files = (
				30500A35B1267BDC5DB1E248 /* Pods_RxSwiftStudy.framework in Frameworks */,
			);
			runOnlyForDeploymentPostprocessing = 0;
		};
/* End PBXFrameworksBuildPhase section */

/* Begin PBXGroup section */
		10BE438A080BE6F17138D1C5 /* Pods */ = {
			isa = PBXGroup;
			children = (
				984B8814C137C5F8BE20F3EA /* Pods-RxSwiftStudy.debug.xcconfig */,
				852515FFA1207C430DECF351 /* Pods-RxSwiftStudy.release.xcconfig */,
			);
			path = Pods;
			sourceTree = "<group>";
		};
		F19900B5B3D778D56441CF5A /* Frameworks */ = {
			isa = PBXGroup;
			children = (
				31CA90BC627809032FD9F2A2 /* Pods_RxSwiftStudy.framework */,
			);
			name = Frameworks;
			sourceTree = "<group>";
		};
		F489FB9729B9800A007F8CFA = {
			isa = PBXGroup;
			children = (
				F489FBA229B9800A007F8CFA /* RxSwiftStudy */,
				F489FBA129B9800A007F8CFA /* Products */,
				10BE438A080BE6F17138D1C5 /* Pods */,
				F19900B5B3D778D56441CF5A /* Frameworks */,
			);
			sourceTree = "<group>";
		};
		F489FBA129B9800A007F8CFA /* Products */ = {
			isa = PBXGroup;
			children = (
				F489FBA029B9800A007F8CFA /* RxSwiftStudy.app */,
			);
			name = Products;
			sourceTree = "<group>";
		};
		F489FBA229B9800A007F8CFA /* RxSwiftStudy */ = {
			isa = PBXGroup;
			children = (
				F489FBA329B9800A007F8CFA /* AppDelegate.swift */,
				F489FBA529B9800A007F8CFA /* SceneDelegate.swift */,
				F489FBA729B9800A007F8CFA /* ViewController.swift */,
				F489FBA929B9800A007F8CFA /* Main.storyboard */,
				F489FBAC29B9800C007F8CFA /* Assets.xcassets */,
				F489FBAE29B9800C007F8CFA /* LaunchScreen.storyboard */,
				F489FBB129B9800C007F8CFA /* Info.plist */,
				F489FBB729B9D89A007F8CFA /* ViewModel.swift */,
				F489FBB929B9DAE5007F8CFA /* Model.swift */,
				F489FBBB29B9DBC0007F8CFA /* NetworkService.swift */,
				F489FBBD29B9FC17007F8CFA /* Sample.swift */,
			);
			path = RxSwiftStudy;
			sourceTree = "<group>";
		};
/* End PBXGroup section */

/* Begin PBXNativeTarget section */
		F489FB9F29B9800A007F8CFA /* RxSwiftStudy */ = {
			isa = PBXNativeTarget;
			buildConfigurationList = F489FBB429B9800C007F8CFA /* Build configuration list for PBXNativeTarget "RxSwiftStudy" */;
			buildPhases = (
				F18CE4DA9F40076B58A0DB47 /* [CP] Check Pods Manifest.lock */,
				F489FB9C29B9800A007F8CFA /* Sources */,
				F489FB9D29B9800A007F8CFA /* Frameworks */,
				F489FB9E29B9800A007F8CFA /* Resources */,
				B6CD1427CE3E932B8D658422 /* [CP] Embed Pods Frameworks */,
			);
			buildRules = (
			);
			dependencies = (
			);
			name = RxSwiftStudy;
			productName = RxSwiftStudy;
			productReference = F489FBA029B9800A007F8CFA /* RxSwiftStudy.app */;
			productType = "com.apple.product-type.application";
		};
/* End PBXNativeTarget section */

/* Begin PBXProject section */
		F489FB9829B9800A007F8CFA /* Project object */ = {
			isa = PBXProject;
			attributes = {
				BuildIndependentTargetsInParallel = 1;
				LastSwiftUpdateCheck = 1420;
				LastUpgradeCheck = 1420;
				TargetAttributes = {
					F489FB9F29B9800A007F8CFA = {
						CreatedOnToolsVersion = 14.2;
					};
				};
			};
			buildConfigurationList = F489FB9B29B9800A007F8CFA /* Build configuration list for PBXProject "RxSwiftStudy" */;
			compatibilityVersion = "Xcode 14.0";
			developmentRegion = en;
			hasScannedForEncodings = 0;
			knownRegions = (
				en,
				Base,
			);
			mainGroup = F489FB9729B9800A007F8CFA;
			productRefGroup = F489FBA129B9800A007F8CFA /* Products */;
			projectDirPath = "";
			projectRoot = "";
			targets = (
				F489FB9F29B9800A007F8CFA /* RxSwiftStudy */,
			);
		};
/* End PBXProject section */

/* Begin PBXResourcesBuildPhase section */
		F489FB9E29B9800A007F8CFA /* Resources */ = {
			isa = PBXResourcesBuildPhase;
			buildActionMask = 2147483647;
			files = (
				F489FBB029B9800C007F8CFA /* LaunchScreen.storyboard in Resources */,
				F489FBAD29B9800C007F8CFA /* Assets.xcassets in Resources */,
				F489FBAB29B9800A007F8CFA /* Main.storyboard in Resources */,
			);
			runOnlyForDeploymentPostprocessing = 0;
		};
/* End PBXResourcesBuildPhase section */

/* Begin PBXShellScriptBuildPhase section */
		B6CD1427CE3E932B8D658422 /* [CP] Embed Pods Frameworks */ = {
			isa = PBXShellScriptBuildPhase;
			buildActionMask = 2147483647;
			files = (
			);
			inputFileListPaths = (
				"${PODS_ROOT}/Target Support Files/Pods-RxSwiftStudy/Pods-RxSwiftStudy-frameworks-${CONFIGURATION}-input-files.xcfilelist",
			);
			name = "[CP] Embed Pods Frameworks";
			outputFileListPaths = (
				"${PODS_ROOT}/Target Support Files/Pods-RxSwiftStudy/Pods-RxSwiftStudy-frameworks-${CONFIGURATION}-output-files.xcfilelist",
			);
			runOnlyForDeploymentPostprocessing = 0;
			shellPath = /bin/sh;
			shellScript = "\"${PODS_ROOT}/Target Support Files/Pods-RxSwiftStudy/Pods-RxSwiftStudy-frameworks.sh\"\n";
			showEnvVarsInLog = 0;
		};
		F18CE4DA9F40076B58A0DB47 /* [CP] Check Pods Manifest.lock */ = {
			isa = PBXShellScriptBuildPhase;
			buildActionMask = 2147483647;
			files = (
			);
			inputFileListPaths = (
			);
			inputPaths = (
				"${PODS_PODFILE_DIR_PATH}/Podfile.lock",
				"${PODS_ROOT}/Manifest.lock",
			);
			name = "[CP] Check Pods Manifest.lock";
			outputFileListPaths = (
			);
			outputPaths = (
				"$(DERIVED_FILE_DIR)/Pods-RxSwiftStudy-checkManifestLockResult.txt",
			);
			runOnlyForDeploymentPostprocessing = 0;
			shellPath = /bin/sh;
			shellScript = "diff \"${PODS_PODFILE_DIR_PATH}/Podfile.lock\" \"${PODS_ROOT}/Manifest.lock\" > /dev/null\nif [ $? != 0 ] ; then\n    # print error to STDERR\n    echo \"error: The sandbox is not in sync with the Podfile.lock. Run 'pod install' or update your CocoaPods installation.\" >&2\n    exit 1\nfi\n# This output is used by Xcode 'outputs' to avoid re-running this script phase.\necho \"SUCCESS\" > \"${SCRIPT_OUTPUT_FILE_0}\"\n";
			showEnvVarsInLog = 0;
		};
/* End PBXShellScriptBuildPhase section */

/* Begin PBXSourcesBuildPhase section */
		F489FB9C29B9800A007F8CFA /* Sources */ = {
			isa = PBXSourcesBuildPhase;
			buildActionMask = 2147483647;
			files = (
				F489FBBA29B9DAE5007F8CFA /* Model.swift in Sources */,
				F489FBA829B9800A007F8CFA /* ViewController.swift in Sources */,
				F489FBA429B9800A007F8CFA /* AppDelegate.swift in Sources */,
				F489FBB829B9D89A007F8CFA /* ViewModel.swift in Sources */,
				F489FBBC29B9DBC0007F8CFA /* NetworkService.swift in Sources */,
				F489FBBE29B9FC17007F8CFA /* Sample.swift in Sources */,
				F489FBA629B9800A007F8CFA /* SceneDelegate.swift in Sources */,
			);
			runOnlyForDeploymentPostprocessing = 0;
		};
/* End PBXSourcesBuildPhase section */

/* Begin PBXVariantGroup section */
		F489FBA929B9800A007F8CFA /* Main.storyboard */ = {
			isa = PBXVariantGroup;
			children = (
				F489FBAA29B9800A007F8CFA /* Base */,
			);
			name = Main.storyboard;
			sourceTree = "<group>";
		};
		F489FBAE29B9800C007F8CFA /* LaunchScreen.storyboard */ = {
			isa = PBXVariantGroup;
			children = (
				F489FBAF29B9800C007F8CFA /* Base */,
			);
			name = LaunchScreen.storyboard;
			sourceTree = "<group>";
		};
/* End PBXVariantGroup section */

/* Begin XCBuildConfiguration section */
		F489FBB229B9800C007F8CFA /* Debug */ = {
			isa = XCBuildConfiguration;
			buildSettings = {
				ALWAYS_SEARCH_USER_PATHS = NO;
				CLANG_ANALYZER_NONNULL = YES;
				CLANG_ANALYZER_NUMBER_OBJECT_CONVERSION = YES_AGGRESSIVE;
				CLANG_CXX_LANGUAGE_STANDARD = "gnu++20";
				CLANG_ENABLE_MODULES = YES;
				CLANG_ENABLE_OBJC_ARC = YES;
				CLANG_ENABLE_OBJC_WEAK = YES;
				CLANG_WARN_BLOCK_CAPTURE_AUTORELEASING = YES;
				CLANG_WARN_BOOL_CONVERSION = YES;
				CLANG_WARN_COMMA = YES;
				CLANG_WARN_CONSTANT_CONVERSION = YES;
				CLANG_WARN_DEPRECATED_OBJC_IMPLEMENTATIONS = YES;
				CLANG_WARN_DIRECT_OBJC_ISA_USAGE = YES_ERROR;
				CLANG_WARN_DOCUMENTATION_COMMENTS = YES;
				CLANG_WARN_EMPTY_BODY = YES;
				CLANG_WARN_ENUM_CONVERSION = YES;
				CLANG_WARN_INFINITE_RECURSION = YES;
				CLANG_WARN_INT_CONVERSION = YES;
				CLANG_WARN_NON_LITERAL_NULL_CONVERSION = YES;
				CLANG_WARN_OBJC_IMPLICIT_RETAIN_SELF = YES;
				CLANG_WARN_OBJC_LITERAL_CONVERSION = YES;
				CLANG_WARN_OBJC_ROOT_CLASS = YES_ERROR;
				CLANG_WARN_QUOTED_INCLUDE_IN_FRAMEWORK_HEADER = YES;
				CLANG_WARN_RANGE_LOOP_ANALYSIS = YES;
				CLANG_WARN_STRICT_PROTOTYPES = YES;
				CLANG_WARN_SUSPICIOUS_MOVE = YES;
				CLANG_WARN_UNGUARDED_AVAILABILITY = YES_AGGRESSIVE;
				CLANG_WARN_UNREACHABLE_CODE = YES;
				CLANG_WARN__DUPLICATE_METHOD_MATCH = YES;
				COPY_PHASE_STRIP = NO;
				DEBUG_INFORMATION_FORMAT = dwarf;
				ENABLE_STRICT_OBJC_MSGSEND = YES;
				ENABLE_TESTABILITY = YES;
				GCC_C_LANGUAGE_STANDARD = gnu11;
				GCC_DYNAMIC_NO_PIC = NO;
				GCC_NO_COMMON_BLOCKS = YES;
				GCC_OPTIMIZATION_LEVEL = 0;
				GCC_PREPROCESSOR_DEFINITIONS = (
					"DEBUG=1",
					"$(inherited)",
				);
				GCC_WARN_64_TO_32_BIT_CONVERSION = YES;
				GCC_WARN_ABOUT_RETURN_TYPE = YES_ERROR;
				GCC_WARN_UNDECLARED_SELECTOR = YES;
				GCC_WARN_UNINITIALIZED_AUTOS = YES_AGGRESSIVE;
				GCC_WARN_UNUSED_FUNCTION = YES;
				GCC_WARN_UNUSED_VARIABLE = YES;
				IPHONEOS_DEPLOYMENT_TARGET = 15.0;
				MTL_ENABLE_DEBUG_INFO = INCLUDE_SOURCE;
				MTL_FAST_MATH = YES;
				ONLY_ACTIVE_ARCH = YES;
				SDKROOT = iphoneos;
				SWIFT_ACTIVE_COMPILATION_CONDITIONS = DEBUG;
				SWIFT_OPTIMIZATION_LEVEL = "-Onone";
			};
			name = Debug;
		};
		F489FBB329B9800C007F8CFA /* Release */ = {
			isa = XCBuildConfiguration;
			buildSettings = {
				ALWAYS_SEARCH_USER_PATHS = NO;
				CLANG_ANALYZER_NONNULL = YES;
				CLANG_ANALYZER_NUMBER_OBJECT_CONVERSION = YES_AGGRESSIVE;
				CLANG_CXX_LANGUAGE_STANDARD = "gnu++20";
				CLANG_ENABLE_MODULES = YES;
				CLANG_ENABLE_OBJC_ARC = YES;
				CLANG_ENABLE_OBJC_WEAK = YES;
				CLANG_WARN_BLOCK_CAPTURE_AUTORELEASING = YES;
				CLANG_WARN_BOOL_CONVERSION = YES;
				CLANG_WARN_COMMA = YES;
				CLANG_WARN_CONSTANT_CONVERSION = YES;
				CLANG_WARN_DEPRECATED_OBJC_IMPLEMENTATIONS = YES;
				CLANG_WARN_DIRECT_OBJC_ISA_USAGE = YES_ERROR;
				CLANG_WARN_DOCUMENTATION_COMMENTS = YES;
				CLANG_WARN_EMPTY_BODY = YES;
				CLANG_WARN_ENUM_CONVERSION = YES;
				CLANG_WARN_INFINITE_RECURSION = YES;
				CLANG_WARN_INT_CONVERSION = YES;
				CLANG_WARN_NON_LITERAL_NULL_CONVERSION = YES;
				CLANG_WARN_OBJC_IMPLICIT_RETAIN_SELF = YES;
				CLANG_WARN_OBJC_LITERAL_CONVERSION = YES;
				CLANG_WARN_OBJC_ROOT_CLASS = YES_ERROR;
				CLANG_WARN_QUOTED_INCLUDE_IN_FRAMEWORK_HEADER = YES;
				CLANG_WARN_RANGE_LOOP_ANALYSIS = YES;
				CLANG_WARN_STRICT_PROTOTYPES = YES;
				CLANG_WARN_SUSPICIOUS_MOVE = YES;
				CLANG_WARN_UNGUARDED_AVAILABILITY = YES_AGGRESSIVE;
				CLANG_WARN_UNREACHABLE_CODE = YES;
				CLANG_WARN__DUPLICATE_METHOD_MATCH = YES;
				COPY_PHASE_STRIP = NO;
				DEBUG_INFORMATION_FORMAT = "dwarf-with-dsym";
				ENABLE_NS_ASSERTIONS = NO;
				ENABLE_STRICT_OBJC_MSGSEND = YES;
				GCC_C_LANGUAGE_STANDARD = gnu11;
				GCC_NO_COMMON_BLOCKS = YES;
				GCC_WARN_64_TO_32_BIT_CONVERSION = YES;
				GCC_WARN_ABOUT_RETURN_TYPE = YES_ERROR;
				GCC_WARN_UNDECLARED_SELECTOR = YES;
				GCC_WARN_UNINITIALIZED_AUTOS = YES_AGGRESSIVE;
				GCC_WARN_UNUSED_FUNCTION = YES;
				GCC_WARN_UNUSED_VARIABLE = YES;
				IPHONEOS_DEPLOYMENT_TARGET = 15.0;
				MTL_ENABLE_DEBUG_INFO = NO;
				MTL_FAST_MATH = YES;
				SDKROOT = iphoneos;
				SWIFT_COMPILATION_MODE = wholemodule;
				SWIFT_OPTIMIZATION_LEVEL = "-O";
				VALIDATE_PRODUCT = YES;
			};
			name = Release;
		};
		F489FBB529B9800C007F8CFA /* Debug */ = {
			isa = XCBuildConfiguration;
			baseConfigurationReference = 984B8814C137C5F8BE20F3EA /* Pods-RxSwiftStudy.debug.xcconfig */;
			buildSettings = {
				ASSETCATALOG_COMPILER_APPICON_NAME = AppIcon;
				ASSETCATALOG_COMPILER_GLOBAL_ACCENT_COLOR_NAME = AccentColor;
				CODE_SIGN_STYLE = Automatic;
				CURRENT_PROJECT_VERSION = 1;
				GENERATE_INFOPLIST_FILE = YES;
				INFOPLIST_FILE = RxSwiftStudy/Info.plist;
				INFOPLIST_KEY_UIApplicationSupportsIndirectInputEvents = YES;
				INFOPLIST_KEY_UILaunchStoryboardName = LaunchScreen;
				INFOPLIST_KEY_UIMainStoryboardFile = Main;
				INFOPLIST_KEY_UISupportedInterfaceOrientations_iPad = "UIInterfaceOrientationPortrait UIInterfaceOrientationPortraitUpsideDown UIInterfaceOrientationLandscapeLeft UIInterfaceOrientationLandscapeRight";
				INFOPLIST_KEY_UISupportedInterfaceOrientations_iPhone = "UIInterfaceOrientationPortrait UIInterfaceOrientationLandscapeLeft UIInterfaceOrientationLandscapeRight";
				IPHONEOS_DEPLOYMENT_TARGET = 15.0;
				LD_RUNPATH_SEARCH_PATHS = (
					"$(inherited)",
					"@executable_path/Frameworks",
				);
				MARKETING_VERSION = 1.0;
				PRODUCT_BUNDLE_IDENTIFIER = com.heejae.RxSwiftStudy;
				PRODUCT_NAME = "$(TARGET_NAME)";
				SWIFT_EMIT_LOC_STRINGS = YES;
				SWIFT_VERSION = 5.0;
				TARGETED_DEVICE_FAMILY = "1,2";
			};
			name = Debug;
		};
		F489FBB629B9800C007F8CFA /* Release */ = {
			isa = XCBuildConfiguration;
			baseConfigurationReference = 852515FFA1207C430DECF351 /* Pods-RxSwiftStudy.release.xcconfig */;
			buildSettings = {
				ASSETCATALOG_COMPILER_APPICON_NAME = AppIcon;
				ASSETCATALOG_COMPILER_GLOBAL_ACCENT_COLOR_NAME = AccentColor;
				CODE_SIGN_STYLE = Automatic;
				CURRENT_PROJECT_VERSION = 1;
				GENERATE_INFOPLIST_FILE = YES;
				INFOPLIST_FILE = RxSwiftStudy/Info.plist;
				INFOPLIST_KEY_UIApplicationSupportsIndirectInputEvents = YES;
				INFOPLIST_KEY_UILaunchStoryboardName = LaunchScreen;
				INFOPLIST_KEY_UIMainStoryboardFile = Main;
				INFOPLIST_KEY_UISupportedInterfaceOrientations_iPad = "UIInterfaceOrientationPortrait UIInterfaceOrientationPortraitUpsideDown UIInterfaceOrientationLandscapeLeft UIInterfaceOrientationLandscapeRight";
				INFOPLIST_KEY_UISupportedInterfaceOrientations_iPhone = "UIInterfaceOrientationPortrait UIInterfaceOrientationLandscapeLeft UIInterfaceOrientationLandscapeRight";
				IPHONEOS_DEPLOYMENT_TARGET = 15.0;
				LD_RUNPATH_SEARCH_PATHS = (
					"$(inherited)",
					"@executable_path/Frameworks",
				);
				MARKETING_VERSION = 1.0;
				PRODUCT_BUNDLE_IDENTIFIER = com.heejae.RxSwiftStudy;
				PRODUCT_NAME = "$(TARGET_NAME)";
				SWIFT_EMIT_LOC_STRINGS = YES;
				SWIFT_VERSION = 5.0;
				TARGETED_DEVICE_FAMILY = "1,2";
			};
			name = Release;
		};
/* End XCBuildConfiguration section */

/* Begin XCConfigurationList section */
		F489FB9B29B9800A007F8CFA /* Build configuration list for PBXProject "RxSwiftStudy" */ = {
			isa = XCConfigurationList;
			buildConfigurations = (
				F489FBB229B9800C007F8CFA /* Debug */,
				F489FBB329B9800C007F8CFA /* Release */,
			);
			defaultConfigurationIsVisible = 0;
			defaultConfigurationName = Release;
		};
		F489FBB429B9800C007F8CFA /* Build configuration list for PBXNativeTarget "RxSwiftStudy" */ = {
			isa = XCConfigurationList;
			buildConfigurations = (
				F489FBB529B9800C007F8CFA /* Debug */,
				F489FBB629B9800C007F8CFA /* Release */,
			);
			defaultConfigurationIsVisible = 0;
			defaultConfigurationName = Release;
		};
/* End XCConfigurationList section */
	};
	rootObject = F489FB9829B9800A007F8CFA /* Project object */;
}
